
Microsoft Visual Studio Solution File, Format Version 12.00
# Visual Studio Version 17
VisualStudioVersion = 17.11.35327.3
MinimumVisualStudioVersion = 10.0.40219.1
Project("{9A19103F-16F7-4668-BE54-9A1E7A4F7556}") = "AppTemplate", "AppTemplate\AppTemplate.csproj", "{3D8DF06F-CECF-4C69-820D-44EBD952F1E3}"
EndProject
Project("{2150E333-8FDC-42A3-9474-1A3956D46DE8}") = "Solution Items", "Solution Items", "{85EF3319-C91C-4DC9-BD7E-EAA076335CD2}"
	ProjectSection(SolutionItems) = preProject
		.gitignore = .gitignore
		Directory.Build.props = Directory.Build.props
		Directory.Build.targets = Directory.Build.targets
		Directory.Packages.props = Directory.Packages.props
		global.json = global.json
	EndProjectSection
EndProject
Project("{9A19103F-16F7-4668-BE54-9A1E7A4F7556}") = "AppTemplateAPI", "AppTemplateAPI\AppTemplateAPI.csproj", "{9AE3C00C-79D7-47B1-9DEA-5E3EE6D18EDB}"
EndProject
Global
	GlobalSection(SolutionConfigurationPlatforms) = preSolution
		Debug|Any CPU = Debug|Any CPU
		Release|Any CPU = Release|Any CPU
	EndGlobalSection
	GlobalSection(ProjectConfigurationPlatforms) = postSolution
		{3D8DF06F-CECF-4C69-820D-44EBD952F1E3}.Debug|Any CPU.ActiveCfg = Debug|Any CPU
		{3D8DF06F-CECF-4C69-820D-44EBD952F1E3}.Debug|Any CPU.Build.0 = Debug|Any CPU
		{3D8DF06F-CECF-4C69-820D-44EBD952F1E3}.Debug|Any CPU.Deploy.0 = Debug|Any CPU
		{3D8DF06F-CECF-4C69-820D-44EBD952F1E3}.Release|Any CPU.ActiveCfg = Release|Any CPU
		{3D8DF06F-CECF-4C69-820D-44EBD952F1E3}.Release|Any CPU.Build.0 = Release|Any CPU
		{3D8DF06F-CECF-4C69-820D-44EBD952F1E3}.Release|Any CPU.Deploy.0 = Release|Any CPU
		{9AE3C00C-79D7-47B1-9DEA-5E3EE6D18EDB}.Debug|Any CPU.ActiveCfg = Debug|Any CPU
		{9AE3C00C-79D7-47B1-9DEA-5E3EE6D18EDB}.Debug|Any CPU.Build.0 = Debug|Any CPU
		{9AE3C00C-79D7-47B1-9DEA-5E3EE6D18EDB}.Release|Any CPU.ActiveCfg = Release|Any CPU
		{9AE3C00C-79D7-47B1-9DEA-5E3EE6D18EDB}.Release|Any CPU.Build.0 = Release|Any CPU
	EndGlobalSection
	GlobalSection(SolutionProperties) = preSolution
		HideSolutionNode = FALSE
	EndGlobalSection
	GlobalSection(ExtensibilityGlobals) = postSolution
		SolutionGuid = {49C62650-5ECC-448C-BF39-7B4723FC1F33}
	EndGlobalSection
EndGlobal
